
Microsoft Visual Studio Solution File, Format Version 12.00
# Visual Studio Version 17
VisualStudioVersion = 17.10.35013.160
MinimumVisualStudioVersion = 10.0.40219.1
Project("{FAE04EC0-301F-11D3-BF4B-00C04F79EFBC}") = "PlatoYMedio", "PlatoYMedio.csproj", "{C892779A-2B27-4AF6-A443-63CDE584AED0}"
EndProject
Global
	GlobalSection(SolutionConfigurationPlatforms) = preSolution
		Debug|Any CPU = Debug|Any CPU
		Release|Any CPU = Release|Any CPU
	EndGlobalSection
	GlobalSection(ProjectConfigurationPlatforms) = postSolution
		{C892779A-2B27-4AF6-A443-63CDE584AED0}.Debug|Any CPU.ActiveCfg = Debug|Any CPU
		{C892779A-2B27-4AF6-A443-63CDE584AED0}.Debug|Any CPU.Build.0 = Debug|Any CPU
		{C892779A-2B27-4AF6-A443-63CDE584AED0}.Release|Any CPU.ActiveCfg = Release|Any CPU
		{C892779A-2B27-4AF6-A443-63CDE584AED0}.Release|Any CPU.Build.0 = Release|Any CPU
	EndGlobalSection
	GlobalSection(SolutionProperties) = preSolution
		HideSolutionNode = FALSE
	EndGlobalSection
	GlobalSection(ExtensibilityGlobals) = postSolution
		SolutionGuid = {1586E4AB-A4AA-4851-A2A9-EE69AC0FDBC7}
	EndGlobalSection
EndGlobal
